
Microsoft Visual Studio Solution File, Format Version 12.00
# Visual Studio Version 17
VisualStudioVersion = 17.3.32929.385
MinimumVisualStudioVersion = 10.0.40219.1
Project("{9A19103F-16F7-4668-BE54-9A1E7A4F7556}") = "WebApi", "WebApi\WebApi.csproj", "{20A45F07-EEB7-4796-B406-24416A66E439}"
EndProject
Project("{00D1A9C2-B5F0-4AF3-8072-F6C62B433612}") = "WebApi.Database", "WebApi.Database\WebApi.Database.sqlproj", "{59A2D04D-9E00-45FC-A9DF-F3D4754CDF81}"
EndProject
Project("{9A19103F-16F7-4668-BE54-9A1E7A4F7556}") = "WebApi.Domain", "WebApi.Domain\WebApi.Domain.csproj", "{55137843-62D6-4E3E-A527-D1EDD22FC5CC}"
EndProject
Project("{9A19103F-16F7-4668-BE54-9A1E7A4F7556}") = "WebApi.Application", "WebApi.Application\WebApi.Application.csproj", "{0C16D962-A7B7-4AED-80E9-75CC4E5B4F91}"
EndProject
Project("{9A19103F-16F7-4668-BE54-9A1E7A4F7556}") = "WebApi.Service", "WebApi.Service\WebApi.Service.csproj", "{73206070-E7EB-4D62-981B-8D4D5654D412}"
EndProject
Project("{FAE04EC0-301F-11D3-BF4B-00C04F79EFBC}") = "WebApi.Infrastructure", "WebApi.Infrastructure\WebApi.Infrastructure.csproj", "{B7100EBD-F41E-4CB5-8E11-33BBF7716F85}"
EndProject
Global
	GlobalSection(SolutionConfigurationPlatforms) = preSolution
		Debug|Any CPU = Debug|Any CPU
		Release|Any CPU = Release|Any CPU
	EndGlobalSection
	GlobalSection(ProjectConfigurationPlatforms) = postSolution
		{20A45F07-EEB7-4796-B406-24416A66E439}.Debug|Any CPU.ActiveCfg = Debug|Any CPU
		{20A45F07-EEB7-4796-B406-24416A66E439}.Debug|Any CPU.Build.0 = Debug|Any CPU
		{20A45F07-EEB7-4796-B406-24416A66E439}.Release|Any CPU.ActiveCfg = Release|Any CPU
		{20A45F07-EEB7-4796-B406-24416A66E439}.Release|Any CPU.Build.0 = Release|Any CPU
		{59A2D04D-9E00-45FC-A9DF-F3D4754CDF81}.Debug|Any CPU.ActiveCfg = Debug|Any CPU
		{59A2D04D-9E00-45FC-A9DF-F3D4754CDF81}.Debug|Any CPU.Build.0 = Debug|Any CPU
		{59A2D04D-9E00-45FC-A9DF-F3D4754CDF81}.Debug|Any CPU.Deploy.0 = Debug|Any CPU
		{59A2D04D-9E00-45FC-A9DF-F3D4754CDF81}.Release|Any CPU.ActiveCfg = Release|Any CPU
		{59A2D04D-9E00-45FC-A9DF-F3D4754CDF81}.Release|Any CPU.Build.0 = Release|Any CPU
		{59A2D04D-9E00-45FC-A9DF-F3D4754CDF81}.Release|Any CPU.Deploy.0 = Release|Any CPU
		{55137843-62D6-4E3E-A527-D1EDD22FC5CC}.Debug|Any CPU.ActiveCfg = Debug|Any CPU
		{55137843-62D6-4E3E-A527-D1EDD22FC5CC}.Debug|Any CPU.Build.0 = Debug|Any CPU
		{55137843-62D6-4E3E-A527-D1EDD22FC5CC}.Release|Any CPU.ActiveCfg = Release|Any CPU
		{55137843-62D6-4E3E-A527-D1EDD22FC5CC}.Release|Any CPU.Build.0 = Release|Any CPU
		{0C16D962-A7B7-4AED-80E9-75CC4E5B4F91}.Debug|Any CPU.ActiveCfg = Debug|Any CPU
		{0C16D962-A7B7-4AED-80E9-75CC4E5B4F91}.Debug|Any CPU.Build.0 = Debug|Any CPU
		{0C16D962-A7B7-4AED-80E9-75CC4E5B4F91}.Release|Any CPU.ActiveCfg = Release|Any CPU
		{0C16D962-A7B7-4AED-80E9-75CC4E5B4F91}.Release|Any CPU.Build.0 = Release|Any CPU
		{73206070-E7EB-4D62-981B-8D4D5654D412}.Debug|Any CPU.ActiveCfg = Debug|Any CPU
		{73206070-E7EB-4D62-981B-8D4D5654D412}.Debug|Any CPU.Build.0 = Debug|Any CPU
		{73206070-E7EB-4D62-981B-8D4D5654D412}.Release|Any CPU.ActiveCfg = Release|Any CPU
		{73206070-E7EB-4D62-981B-8D4D5654D412}.Release|Any CPU.Build.0 = Release|Any CPU
		{B7100EBD-F41E-4CB5-8E11-33BBF7716F85}.Debug|Any CPU.ActiveCfg = Debug|Any CPU
		{B7100EBD-F41E-4CB5-8E11-33BBF7716F85}.Debug|Any CPU.Build.0 = Debug|Any CPU
		{B7100EBD-F41E-4CB5-8E11-33BBF7716F85}.Release|Any CPU.ActiveCfg = Release|Any CPU
		{B7100EBD-F41E-4CB5-8E11-33BBF7716F85}.Release|Any CPU.Build.0 = Release|Any CPU
	EndGlobalSection
	GlobalSection(SolutionProperties) = preSolution
		HideSolutionNode = FALSE
	EndGlobalSection
	GlobalSection(ExtensibilityGlobals) = postSolution
		SolutionGuid = {59F5399F-8648-4AE3-AE20-391F4F8D9151}
	EndGlobalSection
EndGlobal
